// !$*UTF8*$!
{
	archiveVersion = 1;
	classes = {
	};
	objectVersion = 50;
	objects = {

/* Begin PBXBuildFile section */
		522112F221F92EB800D7AA17 /* AppDelegate.swift in Sources */ = {isa = PBXBuildFile; fileRef = 522112F121F92EB800D7AA17 /* AppDelegate.swift */; };
		522112F421F92EB800D7AA17 /* ViewController.swift in Sources */ = {isa = PBXBuildFile; fileRef = 522112F321F92EB800D7AA17 /* ViewController.swift */; };
		522112F721F92EB800D7AA17 /* Main.storyboard in Resources */ = {isa = PBXBuildFile; fileRef = 522112F521F92EB800D7AA17 /* Main.storyboard */; };
		522112F921F92EBA00D7AA17 /* Assets.xcassets in Resources */ = {isa = PBXBuildFile; fileRef = 522112F821F92EBA00D7AA17 /* Assets.xcassets */; };
		522112FC21F92EBA00D7AA17 /* LaunchScreen.storyboard in Resources */ = {isa = PBXBuildFile; fileRef = 522112FA21F92EBA00D7AA17 /* LaunchScreen.storyboard */; };
		5221130721F92EBB00D7AA17 /* Tip_CalculatorTests.swift in Sources */ = {isa = PBXBuildFile; fileRef = 5221130621F92EBB00D7AA17 /* Tip_CalculatorTests.swift */; };
		5221131221F92EBB00D7AA17 /* Tip_CalculatorUITests.swift in Sources */ = {isa = PBXBuildFile; fileRef = 5221131121F92EBB00D7AA17 /* Tip_CalculatorUITests.swift */; };
/* End PBXBuildFile section */

/* Begin PBXContainerItemProxy section */
		5221130321F92EBB00D7AA17 /* PBXContainerItemProxy */ = {
			isa = PBXContainerItemProxy;
			containerPortal = 522112E621F92EB800D7AA17 /* Project object */;
			proxyType = 1;
			remoteGlobalIDString = 522112ED21F92EB800D7AA17;
			remoteInfo = "Tip Calculator";
		};
		5221130E21F92EBB00D7AA17 /* PBXContainerItemProxy */ = {
			isa = PBXContainerItemProxy;
			containerPortal = 522112E621F92EB800D7AA17 /* Project object */;
			proxyType = 1;
			remoteGlobalIDString = 522112ED21F92EB800D7AA17;
			remoteInfo = "Tip Calculator";
		};
/* End PBXContainerItemProxy section */

/* Begin PBXFileReference section */
		522112EE21F92EB800D7AA17 /* Tip Calculator.app */ = {isa = PBXFileReference; explicitFileType = wrapper.application; includeInIndex = 0; path = "Tip Calculator.app"; sourceTree = BUILT_PRODUCTS_DIR; };
		522112F121F92EB800D7AA17 /* AppDelegate.swift */ = {isa = PBXFileReference; lastKnownFileType = sourcecode.swift; path = AppDelegate.swift; sourceTree = "<group>"; };
		522112F321F92EB800D7AA17 /* ViewController.swift */ = {isa = PBXFileReference; lastKnownFileType = sourcecode.swift; path = ViewController.swift; sourceTree = "<group>"; };
		522112F621F92EB800D7AA17 /* Base */ = {isa = PBXFileReference; lastKnownFileType = file.storyboard; name = Base; path = Base.lproj/Main.storyboard; sourceTree = "<group>"; };
		522112F821F92EBA00D7AA17 /* Assets.xcassets */ = {isa = PBXFileReference; lastKnownFileType = folder.assetcatalog; path = Assets.xcassets; sourceTree = "<group>"; };
		522112FB21F92EBA00D7AA17 /* Base */ = {isa = PBXFileReference; lastKnownFileType = file.storyboard; name = Base; path = Base.lproj/LaunchScreen.storyboard; sourceTree = "<group>"; };
		522112FD21F92EBA00D7AA17 /* Info.plist */ = {isa = PBXFileReference; lastKnownFileType = text.plist.xml; path = Info.plist; sourceTree = "<group>"; };
		5221130221F92EBB00D7AA17 /* Tip CalculatorTests.xctest */ = {isa = PBXFileReference; explicitFileType = wrapper.cfbundle; includeInIndex = 0; path = "Tip CalculatorTests.xctest"; sourceTree = BUILT_PRODUCTS_DIR; };
		5221130621F92EBB00D7AA17 /* Tip_CalculatorTests.swift */ = {isa = PBXFileReference; lastKnownFileType = sourcecode.swift; path = Tip_CalculatorTests.swift; sourceTree = "<group>"; };
		5221130821F92EBB00D7AA17 /* Info.plist */ = {isa = PBXFileReference; lastKnownFileType = text.plist.xml; path = Info.plist; sourceTree = "<group>"; };
		5221130D21F92EBB00D7AA17 /* Tip CalculatorUITests.xctest */ = {isa = PBXFileReference; explicitFileType = wrapper.cfbundle; includeInIndex = 0; path = "Tip CalculatorUITests.xctest"; sourceTree = BUILT_PRODUCTS_DIR; };
		5221131121F92EBB00D7AA17 /* Tip_CalculatorUITests.swift */ = {isa = PBXFileReference; lastKnownFileType = sourcecode.swift; path = Tip_CalculatorUITests.swift; sourceTree = "<group>"; };
		5221131321F92EBB00D7AA17 /* Info.plist */ = {isa = PBXFileReference; lastKnownFileType = text.plist.xml; path = Info.plist; sourceTree = "<group>"; };
/* End PBXFileReference section */

/* Begin PBXFrameworksBuildPhase section */
		522112EB21F92EB800D7AA17 /* Frameworks */ = {
			isa = PBXFrameworksBuildPhase;
			buildActionMask = 2147483647;
			files = (
			);
			runOnlyForDeploymentPostprocessing = 0;
		};
		522112FF21F92EBB00D7AA17 /* Frameworks */ = {
			isa = PBXFrameworksBuildPhase;
			buildActionMask = 2147483647;
			files = (
			);
			runOnlyForDeploymentPostprocessing = 0;
		};
		5221130A21F92EBB00D7AA17 /* Frameworks */ = {
			isa = PBXFrameworksBuildPhase;
			buildActionMask = 2147483647;
			files = (
			);
			runOnlyForDeploymentPostprocessing = 0;
		};
/* End PBXFrameworksBuildPhase section */

/* Begin PBXGroup section */
		522112E521F92EB800D7AA17 = {
			isa = PBXGroup;
			children = (
				522112F021F92EB800D7AA17 /* Tip Calculator */,
				5221130521F92EBB00D7AA17 /* Tip CalculatorTests */,
				5221131021F92EBB00D7AA17 /* Tip CalculatorUITests */,
				522112EF21F92EB800D7AA17 /* Products */,
			);
			sourceTree = "<group>";
		};
		522112EF21F92EB800D7AA17 /* Products */ = {
			isa = PBXGroup;
			children = (
				522112EE21F92EB800D7AA17 /* Tip Calculator.app */,
				5221130221F92EBB00D7AA17 /* Tip CalculatorTests.xctest */,
				5221130D21F92EBB00D7AA17 /* Tip CalculatorUITests.xctest */,
			);
			name = Products;
			sourceTree = "<group>";
		};
		522112F021F92EB800D7AA17 /* Tip Calculator */ = {
			isa = PBXGroup;
			children = (
				522112F121F92EB800D7AA17 /* AppDelegate.swift */,
				522112F321F92EB800D7AA17 /* ViewController.swift */,
				522112F521F92EB800D7AA17 /* Main.storyboard */,
				522112F821F92EBA00D7AA17 /* Assets.xcassets */,
				522112FA21F92EBA00D7AA17 /* LaunchScreen.storyboard */,
				522112FD21F92EBA00D7AA17 /* Info.plist */,
			);
			path = "Tip Calculator";
			sourceTree = "<group>";
		};
		5221130521F92EBB00D7AA17 /* Tip CalculatorTests */ = {
			isa = PBXGroup;
			children = (
				5221130621F92EBB00D7AA17 /* Tip_CalculatorTests.swift */,
				5221130821F92EBB00D7AA17 /* Info.plist */,
			);
			path = "Tip CalculatorTests";
			sourceTree = "<group>";
		};
		5221131021F92EBB00D7AA17 /* Tip CalculatorUITests */ = {
			isa = PBXGroup;
			children = (
				5221131121F92EBB00D7AA17 /* Tip_CalculatorUITests.swift */,
				5221131321F92EBB00D7AA17 /* Info.plist */,
			);
			path = "Tip CalculatorUITests";
			sourceTree = "<group>";
		};
/* End PBXGroup section */

/* Begin PBXNativeTarget section */
		522112ED21F92EB800D7AA17 /* Tip Calculator */ = {
			isa = PBXNativeTarget;
			buildConfigurationList = 5221131621F92EBB00D7AA17 /* Build configuration list for PBXNativeTarget "Tip Calculator" */;
			buildPhases = (
				522112EA21F92EB800D7AA17 /* Sources */,
				522112EB21F92EB800D7AA17 /* Frameworks */,
				522112EC21F92EB800D7AA17 /* Resources */,
			);
			buildRules = (
			);
			dependencies = (
			);
			name = "Tip Calculator";
			productName = "Tip Calculator";
			productReference = 522112EE21F92EB800D7AA17 /* Tip Calculator.app */;
			productType = "com.apple.product-type.application";
		};
		5221130121F92EBB00D7AA17 /* Tip CalculatorTests */ = {
			isa = PBXNativeTarget;
			buildConfigurationList = 5221131921F92EBB00D7AA17 /* Build configuration list for PBXNativeTarget "Tip CalculatorTests" */;
			buildPhases = (
				522112FE21F92EBB00D7AA17 /* Sources */,
				522112FF21F92EBB00D7AA17 /* Frameworks */,
				5221130021F92EBB00D7AA17 /* Resources */,
			);
			buildRules = (
			);
			dependencies = (
				5221130421F92EBB00D7AA17 /* PBXTargetDependency */,
			);
			name = "Tip CalculatorTests";
			productName = "Tip CalculatorTests";
			productReference = 5221130221F92EBB00D7AA17 /* Tip CalculatorTests.xctest */;
			productType = "com.apple.product-type.bundle.unit-test";
		};
		5221130C21F92EBB00D7AA17 /* Tip CalculatorUITests */ = {
			isa = PBXNativeTarget;
			buildConfigurationList = 5221131C21F92EBB00D7AA17 /* Build configuration list for PBXNativeTarget "Tip CalculatorUITests" */;
			buildPhases = (
				5221130921F92EBB00D7AA17 /* Sources */,
				5221130A21F92EBB00D7AA17 /* Frameworks */,
				5221130B21F92EBB00D7AA17 /* Resources */,
			);
			buildRules = (
			);
			dependencies = (
				5221130F21F92EBB00D7AA17 /* PBXTargetDependency */,
			);
			name = "Tip CalculatorUITests";
			productName = "Tip CalculatorUITests";
			productReference = 5221130D21F92EBB00D7AA17 /* Tip CalculatorUITests.xctest */;
			productType = "com.apple.product-type.bundle.ui-testing";
		};
/* End PBXNativeTarget section */

/* Begin PBXProject section */
		522112E621F92EB800D7AA17 /* Project object */ = {
			isa = PBXProject;
			attributes = {
				LastSwiftUpdateCheck = 1010;
				LastUpgradeCheck = 1010;
				ORGANIZATIONNAME = "Martin Landin";
				TargetAttributes = {
					522112ED21F92EB800D7AA17 = {
						CreatedOnToolsVersion = 10.1;
					};
					5221130121F92EBB00D7AA17 = {
						CreatedOnToolsVersion = 10.1;
						TestTargetID = 522112ED21F92EB800D7AA17;
					};
					5221130C21F92EBB00D7AA17 = {
						CreatedOnToolsVersion = 10.1;
						TestTargetID = 522112ED21F92EB800D7AA17;
					};
				};
			};
			buildConfigurationList = 522112E921F92EB800D7AA17 /* Build configuration list for PBXProject "Tip Calculator" */;
			compatibilityVersion = "Xcode 9.3";
			developmentRegion = en;
			hasScannedForEncodings = 0;
			knownRegions = (
				en,
				Base,
			);
			mainGroup = 522112E521F92EB800D7AA17;
			productRefGroup = 522112EF21F92EB800D7AA17 /* Products */;
			projectDirPath = "";
			projectRoot = "";
			targets = (
				522112ED21F92EB800D7AA17 /* Tip Calculator */,
				5221130121F92EBB00D7AA17 /* Tip CalculatorTests */,
				5221130C21F92EBB00D7AA17 /* Tip CalculatorUITests */,
			);
		};
/* End PBXProject section */

/* Begin PBXResourcesBuildPhase section */
		522112EC21F92EB800D7AA17 /* Resources */ = {
			isa = PBXResourcesBuildPhase;
			buildActionMask = 2147483647;
			files = (
				522112FC21F92EBA00D7AA17 /* LaunchScreen.storyboard in Resources */,
				522112F921F92EBA00D7AA17 /* Assets.xcassets in Resources */,
				522112F721F92EB800D7AA17 /* Main.storyboard in Resources */,
			);
			runOnlyForDeploymentPostprocessing = 0;
		};
		5221130021F92EBB00D7AA17 /* Resources */ = {
			isa = PBXResourcesBuildPhase;
			buildActionMask = 2147483647;
			files = (
			);
			runOnlyForDeploymentPostprocessing = 0;
		};
		5221130B21F92EBB00D7AA17 /* Resources */ = {
			isa = PBXResourcesBuildPhase;
			buildActionMask = 2147483647;
			files = (
			);
			runOnlyForDeploymentPostprocessing = 0;
		};
/* End PBXResourcesBuildPhase section */

/* Begin PBXSourcesBuildPhase section */
		522112EA21F92EB800D7AA17 /* Sources */ = {
			isa = PBXSourcesBuildPhase;
			buildActionMask = 2147483647;
			files = (
				522112F421F92EB800D7AA17 /* ViewController.swift in Sources */,
				522112F221F92EB800D7AA17 /* AppDelegate.swift in Sources */,
			);
			runOnlyForDeploymentPostprocessing = 0;
		};
		522112FE21F92EBB00D7AA17 /* Sources */ = {
			isa = PBXSourcesBuildPhase;
			buildActionMask = 2147483647;
			files = (
				5221130721F92EBB00D7AA17 /* Tip_CalculatorTests.swift in Sources */,
			);
			runOnlyForDeploymentPostprocessing = 0;
		};
		5221130921F92EBB00D7AA17 /* Sources */ = {
			isa = PBXSourcesBuildPhase;
			buildActionMask = 2147483647;
			files = (
				5221131221F92EBB00D7AA17 /* Tip_CalculatorUITests.swift in Sources */,
			);
			runOnlyForDeploymentPostprocessing = 0;
		};
/* End PBXSourcesBuildPhase section */

/* Begin PBXTargetDependency section */
		5221130421F92EBB00D7AA17 /* PBXTargetDependency */ = {
			isa = PBXTargetDependency;
			target = 522112ED21F92EB800D7AA17 /* Tip Calculator */;
			targetProxy = 5221130321F92EBB00D7AA17 /* PBXContainerItemProxy */;
		};
		5221130F21F92EBB00D7AA17 /* PBXTargetDependency */ = {
			isa = PBXTargetDependency;
			target = 522112ED21F92EB800D7AA17 /* Tip Calculator */;
			targetProxy = 5221130E21F92EBB00D7AA17 /* PBXContainerItemProxy */;
		};
/* End PBXTargetDependency section */

/* Begin PBXVariantGroup section */
		522112F521F92EB800D7AA17 /* Main.storyboard */ = {
			isa = PBXVariantGroup;
			children = (
				522112F621F92EB800D7AA17 /* Base */,
			);
			name = Main.storyboard;
			sourceTree = "<group>";
		};
		522112FA21F92EBA00D7AA17 /* LaunchScreen.storyboard */ = {
			isa = PBXVariantGroup;
			children = (
				522112FB21F92EBA00D7AA17 /* Base */,
			);
			name = LaunchScreen.storyboard;
			sourceTree = "<group>";
		};
/* End PBXVariantGroup section */

/* Begin XCBuildConfiguration section */
		5221131421F92EBB00D7AA17 /* Debug */ = {
			isa = XCBuildConfiguration;
			buildSettings = {
				ALWAYS_SEARCH_USER_PATHS = NO;
				CLANG_ANALYZER_NONNULL = YES;
				CLANG_ANALYZER_NUMBER_OBJECT_CONVERSION = YES_AGGRESSIVE;
				CLANG_CXX_LANGUAGE_STANDARD = "gnu++14";
				CLANG_CXX_LIBRARY = "libc++";
				CLANG_ENABLE_MODULES = YES;
				CLANG_ENABLE_OBJC_ARC = YES;
				CLANG_ENABLE_OBJC_WEAK = YES;
				CLANG_WARN_BLOCK_CAPTURE_AUTORELEASING = YES;
				CLANG_WARN_BOOL_CONVERSION = YES;
				CLANG_WARN_COMMA = YES;
				CLANG_WARN_CONSTANT_CONVERSION = YES;
				CLANG_WARN_DEPRECATED_OBJC_IMPLEMENTATIONS = YES;
				CLANG_WARN_DIRECT_OBJC_ISA_USAGE = YES_ERROR;
				CLANG_WARN_DOCUMENTATION_COMMENTS = YES;
				CLANG_WARN_EMPTY_BODY = YES;
				CLANG_WARN_ENUM_CONVERSION = YES;
				CLANG_WARN_INFINITE_RECURSION = YES;
				CLANG_WARN_INT_CONVERSION = YES;
				CLANG_WARN_NON_LITERAL_NULL_CONVERSION = YES;
				CLANG_WARN_OBJC_IMPLICIT_RETAIN_SELF = YES;
				CLANG_WARN_OBJC_LITERAL_CONVERSION = YES;
				CLANG_WARN_OBJC_ROOT_CLASS = YES_ERROR;
				CLANG_WARN_RANGE_LOOP_ANALYSIS = YES;
				CLANG_WARN_STRICT_PROTOTYPES = YES;
				CLANG_WARN_SUSPICIOUS_MOVE = YES;
				CLANG_WARN_UNGUARDED_AVAILABILITY = YES_AGGRESSIVE;
				CLANG_WARN_UNREACHABLE_CODE = YES;
				CLANG_WARN__DUPLICATE_METHOD_MATCH = YES;
				CODE_SIGN_IDENTITY = "iPhone Developer";
				COPY_PHASE_STRIP = NO;
				DEBUG_INFORMATION_FORMAT = dwarf;
				ENABLE_STRICT_OBJC_MSGSEND = YES;
				ENABLE_TESTABILITY = YES;
				GCC_C_LANGUAGE_STANDARD = gnu11;
				GCC_DYNAMIC_NO_PIC = NO;
				GCC_NO_COMMON_BLOCKS = YES;
				GCC_OPTIMIZATION_LEVEL = 0;
				GCC_PREPROCESSOR_DEFINITIONS = (
					"DEBUG=1",
					"$(inherited)",
				);
				GCC_WARN_64_TO_32_BIT_CONVERSION = YES;
				GCC_WARN_ABOUT_RETURN_TYPE = YES_ERROR;
				GCC_WARN_UNDECLARED_SELECTOR = YES;
				GCC_WARN_UNINITIALIZED_AUTOS = YES_AGGRESSIVE;
				GCC_WARN_UNUSED_FUNCTION = YES;
				GCC_WARN_UNUSED_VARIABLE = YES;
				IPHONEOS_DEPLOYMENT_TARGET = 12.1;
				MTL_ENABLE_DEBUG_INFO = INCLUDE_SOURCE;
				MTL_FAST_MATH = YES;
				ONLY_ACTIVE_ARCH = YES;
				SDKROOT = iphoneos;
				SWIFT_ACTIVE_COMPILATION_CONDITIONS = DEBUG;
				SWIFT_OPTIMIZATION_LEVEL = "-Onone";
			};
			name = Debug;
		};
		5221131521F92EBB00D7AA17 /* Release */ = {
			isa = XCBuildConfiguration;
			buildSettings = {
				ALWAYS_SEARCH_USER_PATHS = NO;
				CLANG_ANALYZER_NONNULL = YES;
				CLANG_ANALYZER_NUMBER_OBJECT_CONVERSION = YES_AGGRESSIVE;
				CLANG_CXX_LANGUAGE_STANDARD = "gnu++14";
				CLANG_CXX_LIBRARY = "libc++";
				CLANG_ENABLE_MODULES = YES;
				CLANG_ENABLE_OBJC_ARC = YES;
				CLANG_ENABLE_OBJC_WEAK = YES;
				CLANG_WARN_BLOCK_CAPTURE_AUTORELEASING = YES;
				CLANG_WARN_BOOL_CONVERSION = YES;
				CLANG_WARN_COMMA = YES;
				CLANG_WARN_CONSTANT_CONVERSION = YES;
				CLANG_WARN_DEPRECATED_OBJC_IMPLEMENTATIONS = YES;
				CLANG_WARN_DIRECT_OBJC_ISA_USAGE = YES_ERROR;
				CLANG_WARN_DOCUMENTATION_COMMENTS = YES;
				CLANG_WARN_EMPTY_BODY = YES;
				CLANG_WARN_ENUM_CONVERSION = YES;
				CLANG_WARN_INFINITE_RECURSION = YES;
				CLANG_WARN_INT_CONVERSION = YES;
				CLANG_WARN_NON_LITERAL_NULL_CONVERSION = YES;
				CLANG_WARN_OBJC_IMPLICIT_RETAIN_SELF = YES;
				CLANG_WARN_OBJC_LITERAL_CONVERSION = YES;
				CLANG_WARN_OBJC_ROOT_CLASS = YES_ERROR;
				CLANG_WARN_RANGE_LOOP_ANALYSIS = YES;
				CLANG_WARN_STRICT_PROTOTYPES = YES;
				CLANG_WARN_SUSPICIOUS_MOVE = YES;
				CLANG_WARN_UNGUARDED_AVAILABILITY = YES_AGGRESSIVE;
				CLANG_WARN_UNREACHABLE_CODE = YES;
				CLANG_WARN__DUPLICATE_METHOD_MATCH = YES;
				CODE_SIGN_IDENTITY = "iPhone Developer";
				COPY_PHASE_STRIP = NO;
				DEBUG_INFORMATION_FORMAT = "dwarf-with-dsym";
				ENABLE_NS_ASSERTIONS = NO;
				ENABLE_STRICT_OBJC_MSGSEND = YES;
				GCC_C_LANGUAGE_STANDARD = gnu11;
				GCC_NO_COMMON_BLOCKS = YES;
				GCC_WARN_64_TO_32_BIT_CONVERSION = YES;
				GCC_WARN_ABOUT_RETURN_TYPE = YES_ERROR;
				GCC_WARN_UNDECLARED_SELECTOR = YES;
				GCC_WARN_UNINITIALIZED_AUTOS = YES_AGGRESSIVE;
				GCC_WARN_UNUSED_FUNCTION = YES;
				GCC_WARN_UNUSED_VARIABLE = YES;
				IPHONEOS_DEPLOYMENT_TARGET = 12.1;
				MTL_ENABLE_DEBUG_INFO = NO;
				MTL_FAST_MATH = YES;
				SDKROOT = iphoneos;
				SWIFT_COMPILATION_MODE = wholemodule;
				SWIFT_OPTIMIZATION_LEVEL = "-O";
				VALIDATE_PRODUCT = YES;
			};
			name = Release;
		};
		5221131721F92EBB00D7AA17 /* Debug */ = {
			isa = XCBuildConfiguration;
			buildSettings = {
				ASSETCATALOG_COMPILER_APPICON_NAME = AppIcon;
				CODE_SIGN_STYLE = Automatic;
				INFOPLIST_FILE = "Tip Calculator/Info.plist";
				LD_RUNPATH_SEARCH_PATHS = (
					"$(inherited)",
					"@executable_path/Frameworks",
				);
				PRODUCT_BUNDLE_IDENTIFIER = "mlandin.Tip-Calculator";
				PRODUCT_NAME = "$(TARGET_NAME)";
				SWIFT_VERSION = 4.2;
				TARGETED_DEVICE_FAMILY = "1,2";
			};
			name = Debug;
		};
		5221131821F92EBB00D7AA17 /* Release */ = {
			isa = XCBuildConfiguration;
			buildSettings = {
				ASSETCATALOG_COMPILER_APPICON_NAME = AppIcon;
				CODE_SIGN_STYLE = Automatic;
				INFOPLIST_FILE = "Tip Calculator/Info.plist";
				LD_RUNPATH_SEARCH_PATHS = (
					"$(inherited)",
					"@executable_path/Frameworks",
				);
				PRODUCT_BUNDLE_IDENTIFIER = "mlandin.Tip-Calculator";
				PRODUCT_NAME = "$(TARGET_NAME)";
				SWIFT_VERSION = 4.2;
				TARGETED_DEVICE_FAMILY = "1,2";
			};
			name = Release;
		};
		5221131A21F92EBB00D7AA17 /* Debug */ = {
			isa = XCBuildConfiguration;
			buildSettings = {
				ALWAYS_EMBED_SWIFT_STANDARD_LIBRARIES = YES;
				BUNDLE_LOADER = "$(TEST_HOST)";
				CODE_SIGN_STYLE = Automatic;
				INFOPLIST_FILE = "Tip CalculatorTests/Info.plist";
				LD_RUNPATH_SEARCH_PATHS = (
					"$(inherited)",
					"@executable_path/Frameworks",
					"@loader_path/Frameworks",
				);
				PRODUCT_BUNDLE_IDENTIFIER = "mlandin.Tip-CalculatorTests";
				PRODUCT_NAME = "$(TARGET_NAME)";
				SWIFT_VERSION = 4.2;
				TARGETED_DEVICE_FAMILY = "1,2";
				TEST_HOST = "$(BUILT_PRODUCTS_DIR)/Tip Calculator.app/Tip Calculator";
			};
			name = Debug;
		};
		5221131B21F92EBB00D7AA17 /* Release */ = {
			isa = XCBuildConfiguration;
			buildSettings = {
				ALWAYS_EMBED_SWIFT_STANDARD_LIBRARIES = YES;
				BUNDLE_LOADER = "$(TEST_HOST)";
				CODE_SIGN_STYLE = Automatic;
				INFOPLIST_FILE = "Tip CalculatorTests/Info.plist";
				LD_RUNPATH_SEARCH_PATHS = (
					"$(inherited)",
					"@executable_path/Frameworks",
					"@loader_path/Frameworks",
				);
				PRODUCT_BUNDLE_IDENTIFIER = "mlandin.Tip-CalculatorTests";
				PRODUCT_NAME = "$(TARGET_NAME)";
				SWIFT_VERSION = 4.2;
				TARGETED_DEVICE_FAMILY = "1,2";
				TEST_HOST = "$(BUILT_PRODUCTS_DIR)/Tip Calculator.app/Tip Calculator";
			};
			name = Release;
		};
		5221131D21F92EBB00D7AA17 /* Debug */ = {
			isa = XCBuildConfiguration;
			buildSettings = {
				ALWAYS_EMBED_SWIFT_STANDARD_LIBRARIES = YES;
				CODE_SIGN_STYLE = Automatic;
				INFOPLIST_FILE = "Tip CalculatorUITests/Info.plist";
				LD_RUNPATH_SEARCH_PATHS = (
					"$(inherited)",
					"@executable_path/Frameworks",
					"@loader_path/Frameworks",
				);
				PRODUCT_BUNDLE_IDENTIFIER = "mlandin.Tip-CalculatorUITests";
				PRODUCT_NAME = "$(TARGET_NAME)";
				SWIFT_VERSION = 4.2;
				TARGETED_DEVICE_FAMILY = "1,2";
				TEST_TARGET_NAME = "Tip Calculator";
			};
			name = Debug;
		};
		5221131E21F92EBB00D7AA17 /* Release */ = {
			isa = XCBuildConfiguration;
			buildSettings = {
				ALWAYS_EMBED_SWIFT_STANDARD_LIBRARIES = YES;
				CODE_SIGN_STYLE = Automatic;
				INFOPLIST_FILE = "Tip CalculatorUITests/Info.plist";
				LD_RUNPATH_SEARCH_PATHS = (
					"$(inherited)",
					"@executable_path/Frameworks",
					"@loader_path/Frameworks",
				);
				PRODUCT_BUNDLE_IDENTIFIER = "mlandin.Tip-CalculatorUITests";
				PRODUCT_NAME = "$(TARGET_NAME)";
				SWIFT_VERSION = 4.2;
				TARGETED_DEVICE_FAMILY = "1,2";
				TEST_TARGET_NAME = "Tip Calculator";
			};
			name = Release;
		};
/* End XCBuildConfiguration section */

/* Begin XCConfigurationList section */
		522112E921F92EB800D7AA17 /* Build configuration list for PBXProject "Tip Calculator" */ = {
			isa = XCConfigurationList;
			buildConfigurations = (
				5221131421F92EBB00D7AA17 /* Debug */,
				5221131521F92EBB00D7AA17 /* Release */,
			);
			defaultConfigurationIsVisible = 0;
			defaultConfigurationName = Release;
		};
		5221131621F92EBB00D7AA17 /* Build configuration list for PBXNativeTarget "Tip Calculator" */ = {
			isa = XCConfigurationList;
			buildConfigurations = (
				5221131721F92EBB00D7AA17 /* Debug */,
				5221131821F92EBB00D7AA17 /* Release */,
			);
			defaultConfigurationIsVisible = 0;
			defaultConfigurationName = Release;
		};
		5221131921F92EBB00D7AA17 /* Build configuration list for PBXNativeTarget "Tip CalculatorTests" */ = {
			isa = XCConfigurationList;
			buildConfigurations = (
				5221131A21F92EBB00D7AA17 /* Debug */,
				5221131B21F92EBB00D7AA17 /* Release */,
			);
			defaultConfigurationIsVisible = 0;
			defaultConfigurationName = Release;
		};
		5221131C21F92EBB00D7AA17 /* Build configuration list for PBXNativeTarget "Tip CalculatorUITests" */ = {
			isa = XCConfigurationList;
			buildConfigurations = (
				5221131D21F92EBB00D7AA17 /* Debug */,
				5221131E21F92EBB00D7AA17 /* Release */,
			);
			defaultConfigurationIsVisible = 0;
			defaultConfigurationName = Release;
		};
/* End XCConfigurationList section */
	};
	rootObject = 522112E621F92EB800D7AA17 /* Project object */;
}
